// !$*UTF8*$!
{
	archiveVersion = 1;
	classes = {
	};
	objectVersion = 56;
	objects = {

/* Begin PBXBuildFile section */
		FFBE9F7E2ADAD487004D56DA /* AppDelegate.swift in Sources */ = {isa = PBXBuildFile; fileRef = FFBE9F7D2ADAD487004D56DA /* AppDelegate.swift */; };
		FFBE9F802ADAD487004D56DA /* SceneDelegate.swift in Sources */ = {isa = PBXBuildFile; fileRef = FFBE9F7F2ADAD487004D56DA /* SceneDelegate.swift */; };
		FFBE9F822ADAD487004D56DA /* ViewController.swift in Sources */ = {isa = PBXBuildFile; fileRef = FFBE9F812ADAD487004D56DA /* ViewController.swift */; };
		FFBE9F852ADAD487004D56DA /* Main.storyboard in Resources */ = {isa = PBXBuildFile; fileRef = FFBE9F832ADAD487004D56DA /* Main.storyboard */; };
		FFBE9F872ADAD488004D56DA /* Assets.xcassets in Resources */ = {isa = PBXBuildFile; fileRef = FFBE9F862ADAD488004D56DA /* Assets.xcassets */; };
		FFBE9F8A2ADAD488004D56DA /* LaunchScreen.storyboard in Resources */ = {isa = PBXBuildFile; fileRef = FFBE9F882ADAD488004D56DA /* LaunchScreen.storyboard */; };
		FFBE9F922ADAD562004D56DA /* DetailsViewController.swift in Sources */ = {isa = PBXBuildFile; fileRef = FFBE9F912ADAD562004D56DA /* DetailsViewController.swift */; };
		FFBE9F942ADAD775004D56DA /* Sehir.swift in Sources */ = {isa = PBXBuildFile; fileRef = FFBE9F932ADAD775004D56DA /* Sehir.swift */; };
/* End PBXBuildFile section */

/* Begin PBXFileReference section */
		FFBE9F7A2ADAD487004D56DA /* Turkiye.app */ = {isa = PBXFileReference; explicitFileType = wrapper.application; includeInIndex = 0; path = Turkiye.app; sourceTree = BUILT_PRODUCTS_DIR; };
		FFBE9F7D2ADAD487004D56DA /* AppDelegate.swift */ = {isa = PBXFileReference; lastKnownFileType = sourcecode.swift; path = AppDelegate.swift; sourceTree = "<group>"; };
		FFBE9F7F2ADAD487004D56DA /* SceneDelegate.swift */ = {isa = PBXFileReference; lastKnownFileType = sourcecode.swift; path = SceneDelegate.swift; sourceTree = "<group>"; };
		FFBE9F812ADAD487004D56DA /* ViewController.swift */ = {isa = PBXFileReference; lastKnownFileType = sourcecode.swift; path = ViewController.swift; sourceTree = "<group>"; };
		FFBE9F842ADAD487004D56DA /* Base */ = {isa = PBXFileReference; lastKnownFileType = file.storyboard; name = Base; path = Base.lproj/Main.storyboard; sourceTree = "<group>"; };
		FFBE9F862ADAD488004D56DA /* Assets.xcassets */ = {isa = PBXFileReference; lastKnownFileType = folder.assetcatalog; path = Assets.xcassets; sourceTree = "<group>"; };
		FFBE9F892ADAD488004D56DA /* Base */ = {isa = PBXFileReference; lastKnownFileType = file.storyboard; name = Base; path = Base.lproj/LaunchScreen.storyboard; sourceTree = "<group>"; };
		FFBE9F8B2ADAD488004D56DA /* Info.plist */ = {isa = PBXFileReference; lastKnownFileType = text.plist.xml; path = Info.plist; sourceTree = "<group>"; };
		FFBE9F912ADAD562004D56DA /* DetailsViewController.swift */ = {isa = PBXFileReference; lastKnownFileType = sourcecode.swift; path = DetailsViewController.swift; sourceTree = "<group>"; };
		FFBE9F932ADAD775004D56DA /* Sehir.swift */ = {isa = PBXFileReference; lastKnownFileType = sourcecode.swift; path = Sehir.swift; sourceTree = "<group>"; };
/* End PBXFileReference section */

/* Begin PBXFrameworksBuildPhase section */
		FFBE9F772ADAD487004D56DA /* Frameworks */ = {
			isa = PBXFrameworksBuildPhase;
			buildActionMask = 2147483647;
			files = (
			);
			runOnlyForDeploymentPostprocessing = 0;
		};
/* End PBXFrameworksBuildPhase section */

/* Begin PBXGroup section */
		FFBE9F712ADAD487004D56DA = {
			isa = PBXGroup;
			children = (
				FFBE9F7C2ADAD487004D56DA /* Turkiye */,
				FFBE9F7B2ADAD487004D56DA /* Products */,
			);
			sourceTree = "<group>";
		};
		FFBE9F7B2ADAD487004D56DA /* Products */ = {
			isa = PBXGroup;
			children = (
				FFBE9F7A2ADAD487004D56DA /* Turkiye.app */,
			);
			name = Products;
			sourceTree = "<group>";
		};
		FFBE9F7C2ADAD487004D56DA /* Turkiye */ = {
			isa = PBXGroup;
			children = (
				FFBE9F7D2ADAD487004D56DA /* AppDelegate.swift */,
				FFBE9F7F2ADAD487004D56DA /* SceneDelegate.swift */,
				FFBE9F812ADAD487004D56DA /* ViewController.swift */,
				FFBE9F932ADAD775004D56DA /* Sehir.swift */,
				FFBE9F912ADAD562004D56DA /* DetailsViewController.swift */,
				FFBE9F832ADAD487004D56DA /* Main.storyboard */,
				FFBE9F862ADAD488004D56DA /* Assets.xcassets */,
				FFBE9F882ADAD488004D56DA /* LaunchScreen.storyboard */,
				FFBE9F8B2ADAD488004D56DA /* Info.plist */,
			);
			path = Turkiye;
			sourceTree = "<group>";
		};
/* End PBXGroup section */

/* Begin PBXNativeTarget section */
		FFBE9F792ADAD487004D56DA /* Turkiye */ = {
			isa = PBXNativeTarget;
			buildConfigurationList = FFBE9F8E2ADAD488004D56DA /* Build configuration list for PBXNativeTarget "Turkiye" */;
			buildPhases = (
				FFBE9F762ADAD487004D56DA /* Sources */,
				FFBE9F772ADAD487004D56DA /* Frameworks */,
				FFBE9F782ADAD487004D56DA /* Resources */,
			);
			buildRules = (
			);
			dependencies = (
			);
			name = Turkiye;
			productName = Turkiye;
			productReference = FFBE9F7A2ADAD487004D56DA /* Turkiye.app */;
			productType = "com.apple.product-type.application";
		};
/* End PBXNativeTarget section */

/* Begin PBXProject section */
		FFBE9F722ADAD487004D56DA /* Project object */ = {
			isa = PBXProject;
			attributes = {
				BuildIndependentTargetsInParallel = 1;
				LastSwiftUpdateCheck = 1430;
				LastUpgradeCheck = 1430;
				TargetAttributes = {
					FFBE9F792ADAD487004D56DA = {
						CreatedOnToolsVersion = 14.3.1;
					};
				};
			};
			buildConfigurationList = FFBE9F752ADAD487004D56DA /* Build configuration list for PBXProject "Turkiye" */;
			compatibilityVersion = "Xcode 14.0";
			developmentRegion = en;
			hasScannedForEncodings = 0;
			knownRegions = (
				en,
				Base,
			);
			mainGroup = FFBE9F712ADAD487004D56DA;
			productRefGroup = FFBE9F7B2ADAD487004D56DA /* Products */;
			projectDirPath = "";
			projectRoot = "";
			targets = (
				FFBE9F792ADAD487004D56DA /* Turkiye */,
			);
		};
/* End PBXProject section */

/* Begin PBXResourcesBuildPhase section */
		FFBE9F782ADAD487004D56DA /* Resources */ = {
			isa = PBXResourcesBuildPhase;
			buildActionMask = 2147483647;
			files = (
				FFBE9F8A2ADAD488004D56DA /* LaunchScreen.storyboard in Resources */,
				FFBE9F872ADAD488004D56DA /* Assets.xcassets in Resources */,
				FFBE9F852ADAD487004D56DA /* Main.storyboard in Resources */,
			);
			runOnlyForDeploymentPostprocessing = 0;
		};
/* End PBXResourcesBuildPhase section */

/* Begin PBXSourcesBuildPhase section */
		FFBE9F762ADAD487004D56DA /* Sources */ = {
			isa = PBXSourcesBuildPhase;
			buildActionMask = 2147483647;
			files = (
				FFBE9F822ADAD487004D56DA /* ViewController.swift in Sources */,
				FFBE9F7E2ADAD487004D56DA /* AppDelegate.swift in Sources */,
				FFBE9F802ADAD487004D56DA /* SceneDelegate.swift in Sources */,
				FFBE9F922ADAD562004D56DA /* DetailsViewController.swift in Sources */,
				FFBE9F942ADAD775004D56DA /* Sehir.swift in Sources */,
			);
			runOnlyForDeploymentPostprocessing = 0;
		};
/* End PBXSourcesBuildPhase section */

/* Begin PBXVariantGroup section */
		FFBE9F832ADAD487004D56DA /* Main.storyboard */ = {
			isa = PBXVariantGroup;
			children = (
				FFBE9F842ADAD487004D56DA /* Base */,
			);
			name = Main.storyboard;
			sourceTree = "<group>";
		};
		FFBE9F882ADAD488004D56DA /* LaunchScreen.storyboard */ = {
			isa = PBXVariantGroup;
			children = (
				FFBE9F892ADAD488004D56DA /* Base */,
			);
			name = LaunchScreen.storyboard;
			sourceTree = "<group>";
		};
/* End PBXVariantGroup section */

/* Begin XCBuildConfiguration section */
		FFBE9F8C2ADAD488004D56DA /* Debug */ = {
			isa = XCBuildConfiguration;
			buildSettings = {
				ALWAYS_SEARCH_USER_PATHS = NO;
				CLANG_ANALYZER_NONNULL = YES;
				CLANG_ANALYZER_NUMBER_OBJECT_CONVERSION = YES_AGGRESSIVE;
				CLANG_CXX_LANGUAGE_STANDARD = "gnu++20";
				CLANG_ENABLE_MODULES = YES;
				CLANG_ENABLE_OBJC_ARC = YES;
				CLANG_ENABLE_OBJC_WEAK = YES;
				CLANG_WARN_BLOCK_CAPTURE_AUTORELEASING = YES;
				CLANG_WARN_BOOL_CONVERSION = YES;
				CLANG_WARN_COMMA = YES;
				CLANG_WARN_CONSTANT_CONVERSION = YES;
				CLANG_WARN_DEPRECATED_OBJC_IMPLEMENTATIONS = YES;
				CLANG_WARN_DIRECT_OBJC_ISA_USAGE = YES_ERROR;
				CLANG_WARN_DOCUMENTATION_COMMENTS = YES;
				CLANG_WARN_EMPTY_BODY = YES;
				CLANG_WARN_ENUM_CONVERSION = YES;
				CLANG_WARN_INFINITE_RECURSION = YES;
				CLANG_WARN_INT_CONVERSION = YES;
				CLANG_WARN_NON_LITERAL_NULL_CONVERSION = YES;
				CLANG_WARN_OBJC_IMPLICIT_RETAIN_SELF = YES;
				CLANG_WARN_OBJC_LITERAL_CONVERSION = YES;
				CLANG_WARN_OBJC_ROOT_CLASS = YES_ERROR;
				CLANG_WARN_QUOTED_INCLUDE_IN_FRAMEWORK_HEADER = YES;
				CLANG_WARN_RANGE_LOOP_ANALYSIS = YES;
				CLANG_WARN_STRICT_PROTOTYPES = YES;
				CLANG_WARN_SUSPICIOUS_MOVE = YES;
				CLANG_WARN_UNGUARDED_AVAILABILITY = YES_AGGRESSIVE;
				CLANG_WARN_UNREACHABLE_CODE = YES;
				CLANG_WARN__DUPLICATE_METHOD_MATCH = YES;
				COPY_PHASE_STRIP = NO;
				DEBUG_INFORMATION_FORMAT = dwarf;
				ENABLE_STRICT_OBJC_MSGSEND = YES;
				ENABLE_TESTABILITY = YES;
				GCC_C_LANGUAGE_STANDARD = gnu11;
				GCC_DYNAMIC_NO_PIC = NO;
				GCC_NO_COMMON_BLOCKS = YES;
				GCC_OPTIMIZATION_LEVEL = 0;
				GCC_PREPROCESSOR_DEFINITIONS = (
					"DEBUG=1",
					"$(inherited)",
				);
				GCC_WARN_64_TO_32_BIT_CONVERSION = YES;
				GCC_WARN_ABOUT_RETURN_TYPE = YES_ERROR;
				GCC_WARN_UNDECLARED_SELECTOR = YES;
				GCC_WARN_UNINITIALIZED_AUTOS = YES_AGGRESSIVE;
				GCC_WARN_UNUSED_FUNCTION = YES;
				GCC_WARN_UNUSED_VARIABLE = YES;
				IPHONEOS_DEPLOYMENT_TARGET = 16.4;
				MTL_ENABLE_DEBUG_INFO = INCLUDE_SOURCE;
				MTL_FAST_MATH = YES;
				ONLY_ACTIVE_ARCH = YES;
				SDKROOT = iphoneos;
				SWIFT_ACTIVE_COMPILATION_CONDITIONS = DEBUG;
				SWIFT_OPTIMIZATION_LEVEL = "-Onone";
			};
			name = Debug;
		};
		FFBE9F8D2ADAD488004D56DA /* Release */ = {
			isa = XCBuildConfiguration;
			buildSettings = {
				ALWAYS_SEARCH_USER_PATHS = NO;
				CLANG_ANALYZER_NONNULL = YES;
				CLANG_ANALYZER_NUMBER_OBJECT_CONVERSION = YES_AGGRESSIVE;
				CLANG_CXX_LANGUAGE_STANDARD = "gnu++20";
				CLANG_ENABLE_MODULES = YES;
				CLANG_ENABLE_OBJC_ARC = YES;
				CLANG_ENABLE_OBJC_WEAK = YES;
				CLANG_WARN_BLOCK_CAPTURE_AUTORELEASING = YES;
				CLANG_WARN_BOOL_CONVERSION = YES;
				CLANG_WARN_COMMA = YES;
				CLANG_WARN_CONSTANT_CONVERSION = YES;
				CLANG_WARN_DEPRECATED_OBJC_IMPLEMENTATIONS = YES;
				CLANG_WARN_DIRECT_OBJC_ISA_USAGE = YES_ERROR;
				CLANG_WARN_DOCUMENTATION_COMMENTS = YES;
				CLANG_WARN_EMPTY_BODY = YES;
				CLANG_WARN_ENUM_CONVERSION = YES;
				CLANG_WARN_INFINITE_RECURSION = YES;
				CLANG_WARN_INT_CONVERSION = YES;
				CLANG_WARN_NON_LITERAL_NULL_CONVERSION = YES;
				CLANG_WARN_OBJC_IMPLICIT_RETAIN_SELF = YES;
				CLANG_WARN_OBJC_LITERAL_CONVERSION = YES;
				CLANG_WARN_OBJC_ROOT_CLASS = YES_ERROR;
				CLANG_WARN_QUOTED_INCLUDE_IN_FRAMEWORK_HEADER = YES;
				CLANG_WARN_RANGE_LOOP_ANALYSIS = YES;
				CLANG_WARN_STRICT_PROTOTYPES = YES;
				CLANG_WARN_SUSPICIOUS_MOVE = YES;
				CLANG_WARN_UNGUARDED_AVAILABILITY = YES_AGGRESSIVE;
				CLANG_WARN_UNREACHABLE_CODE = YES;
				CLANG_WARN__DUPLICATE_METHOD_MATCH = YES;
				COPY_PHASE_STRIP = NO;
				DEBUG_INFORMATION_FORMAT = "dwarf-with-dsym";
				ENABLE_NS_ASSERTIONS = NO;
				ENABLE_STRICT_OBJC_MSGSEND = YES;
				GCC_C_LANGUAGE_STANDARD = gnu11;
				GCC_NO_COMMON_BLOCKS = YES;
				GCC_WARN_64_TO_32_BIT_CONVERSION = YES;
				GCC_WARN_ABOUT_RETURN_TYPE = YES_ERROR;
				GCC_WARN_UNDECLARED_SELECTOR = YES;
				GCC_WARN_UNINITIALIZED_AUTOS = YES_AGGRESSIVE;
				GCC_WARN_UNUSED_FUNCTION = YES;
				GCC_WARN_UNUSED_VARIABLE = YES;
				IPHONEOS_DEPLOYMENT_TARGET = 16.4;
				MTL_ENABLE_DEBUG_INFO = NO;
				MTL_FAST_MATH = YES;
				SDKROOT = iphoneos;
				SWIFT_COMPILATION_MODE = wholemodule;
				SWIFT_OPTIMIZATION_LEVEL = "-O";
				VALIDATE_PRODUCT = YES;
			};
			name = Release;
		};
		FFBE9F8F2ADAD488004D56DA /* Debug */ = {
			isa = XCBuildConfiguration;
			buildSettings = {
				ASSETCATALOG_COMPILER_APPICON_NAME = AppIcon;
				ASSETCATALOG_COMPILER_GLOBAL_ACCENT_COLOR_NAME = AccentColor;
				CODE_SIGN_STYLE = Automatic;
				CURRENT_PROJECT_VERSION = 1;
				DEVELOPMENT_TEAM = X4M52P429Z;
				GENERATE_INFOPLIST_FILE = YES;
				INFOPLIST_FILE = Turkiye/Info.plist;
				INFOPLIST_KEY_UIApplicationSupportsIndirectInputEvents = YES;
				INFOPLIST_KEY_UILaunchStoryboardName = LaunchScreen;
				INFOPLIST_KEY_UIMainStoryboardFile = Main;
				INFOPLIST_KEY_UISupportedInterfaceOrientations_iPad = "UIInterfaceOrientationPortrait UIInterfaceOrientationPortraitUpsideDown UIInterfaceOrientationLandscapeLeft UIInterfaceOrientationLandscapeRight";
				INFOPLIST_KEY_UISupportedInterfaceOrientations_iPhone = "UIInterfaceOrientationPortrait UIInterfaceOrientationLandscapeLeft UIInterfaceOrientationLandscapeRight";
				LD_RUNPATH_SEARCH_PATHS = (
					"$(inherited)",
					"@executable_path/Frameworks",
				);
				MARKETING_VERSION = 1.0;
				PRODUCT_BUNDLE_IDENTIFIER = com.zehranuracik.Turkiye;
				PRODUCT_NAME = "$(TARGET_NAME)";
				SWIFT_EMIT_LOC_STRINGS = YES;
				SWIFT_VERSION = 5.0;
				TARGETED_DEVICE_FAMILY = "1,2";
			};
			name = Debug;
		};
		FFBE9F902ADAD488004D56DA /* Release */ = {
			isa = XCBuildConfiguration;
			buildSettings = {
				ASSETCATALOG_COMPILER_APPICON_NAME = AppIcon;
				ASSETCATALOG_COMPILER_GLOBAL_ACCENT_COLOR_NAME = AccentColor;
				CODE_SIGN_STYLE = Automatic;
				CURRENT_PROJECT_VERSION = 1;
				DEVELOPMENT_TEAM = X4M52P429Z;
				GENERATE_INFOPLIST_FILE = YES;
				INFOPLIST_FILE = Turkiye/Info.plist;
				INFOPLIST_KEY_UIApplicationSupportsIndirectInputEvents = YES;
				INFOPLIST_KEY_UILaunchStoryboardName = LaunchScreen;
				INFOPLIST_KEY_UIMainStoryboardFile = Main;
				INFOPLIST_KEY_UISupportedInterfaceOrientations_iPad = "UIInterfaceOrientationPortrait UIInterfaceOrientationPortraitUpsideDown UIInterfaceOrientationLandscapeLeft UIInterfaceOrientationLandscapeRight";
				INFOPLIST_KEY_UISupportedInterfaceOrientations_iPhone = "UIInterfaceOrientationPortrait UIInterfaceOrientationLandscapeLeft UIInterfaceOrientationLandscapeRight";
				LD_RUNPATH_SEARCH_PATHS = (
					"$(inherited)",
					"@executable_path/Frameworks",
				);
				MARKETING_VERSION = 1.0;
				PRODUCT_BUNDLE_IDENTIFIER = com.zehranuracik.Turkiye;
				PRODUCT_NAME = "$(TARGET_NAME)";
				SWIFT_EMIT_LOC_STRINGS = YES;
				SWIFT_VERSION = 5.0;
				TARGETED_DEVICE_FAMILY = "1,2";
			};
			name = Release;
		};
/* End XCBuildConfiguration section */

/* Begin XCConfigurationList section */
		FFBE9F752ADAD487004D56DA /* Build configuration list for PBXProject "Turkiye" */ = {
			isa = XCConfigurationList;
			buildConfigurations = (
				FFBE9F8C2ADAD488004D56DA /* Debug */,
				FFBE9F8D2ADAD488004D56DA /* Release */,
			);
			defaultConfigurationIsVisible = 0;
			defaultConfigurationName = Release;
		};
		FFBE9F8E2ADAD488004D56DA /* Build configuration list for PBXNativeTarget "Turkiye" */ = {
			isa = XCConfigurationList;
			buildConfigurations = (
				FFBE9F8F2ADAD488004D56DA /* Debug */,
				FFBE9F902ADAD488004D56DA /* Release */,
			);
			defaultConfigurationIsVisible = 0;
			defaultConfigurationName = Release;
		};
/* End XCConfigurationList section */
	};
	rootObject = FFBE9F722ADAD487004D56DA /* Project object */;
}
